// !$*UTF8*$!
{
	archiveVersion = 1;
	classes = {
	};
	objectVersion = 50;
	objects = {

/* Begin PBXBuildFile section */
		63A779092502A218008260BB /* AppDelegate.swift in Sources */ = {isa = PBXBuildFile; fileRef = 63A779082502A218008260BB /* AppDelegate.swift */; };
		63A7790B2502A218008260BB /* SceneDelegate.swift in Sources */ = {isa = PBXBuildFile; fileRef = 63A7790A2502A218008260BB /* SceneDelegate.swift */; };
		63A779102502A218008260BB /* Main.storyboard in Resources */ = {isa = PBXBuildFile; fileRef = 63A7790E2502A218008260BB /* Main.storyboard */; };
		63A779122502A21A008260BB /* Assets.xcassets in Resources */ = {isa = PBXBuildFile; fileRef = 63A779112502A21A008260BB /* Assets.xcassets */; };
		63A779152502A21A008260BB /* LaunchScreen.storyboard in Resources */ = {isa = PBXBuildFile; fileRef = 63A779132502A21A008260BB /* LaunchScreen.storyboard */; };
		63A779212502A2B7008260BB /* ContainerViewController.swift in Sources */ = {isa = PBXBuildFile; fileRef = 63A779202502A2B7008260BB /* ContainerViewController.swift */; };
		63A779232502A2C8008260BB /* HomeViewController.swift in Sources */ = {isa = PBXBuildFile; fileRef = 63A779222502A2C8008260BB /* HomeViewController.swift */; };
		63A779252502A2D9008260BB /* MenuViewController.swift in Sources */ = {isa = PBXBuildFile; fileRef = 63A779242502A2D9008260BB /* MenuViewController.swift */; };
		63A779272502AD31008260BB /* Protocols.swift in Sources */ = {isa = PBXBuildFile; fileRef = 63A779262502AD31008260BB /* Protocols.swift */; };
		63A779292502B741008260BB /* MenuOptionTableViewCell.swift in Sources */ = {isa = PBXBuildFile; fileRef = 63A779282502B741008260BB /* MenuOptionTableViewCell.swift */; };
		63A7792B2503B18D008260BB /* SettingsViewController.swift in Sources */ = {isa = PBXBuildFile; fileRef = 63A7792A2503B18D008260BB /* SettingsViewController.swift */; };
		63A7792D2503B1A4008260BB /* MenuOption.swift in Sources */ = {isa = PBXBuildFile; fileRef = 63A7792C2503B1A4008260BB /* MenuOption.swift */; };
		63A7792F2503D41B008260BB /* ExtentionForUIViewController.swift in Sources */ = {isa = PBXBuildFile; fileRef = 63A7792E2503D41B008260BB /* ExtentionForUIViewController.swift */; };
/* End PBXBuildFile section */

/* Begin PBXFileReference section */
		63A779052502A218008260BB /* SideMenuExample.app */ = {isa = PBXFileReference; explicitFileType = wrapper.application; includeInIndex = 0; path = SideMenuExample.app; sourceTree = BUILT_PRODUCTS_DIR; };
		63A779082502A218008260BB /* AppDelegate.swift */ = {isa = PBXFileReference; lastKnownFileType = sourcecode.swift; path = AppDelegate.swift; sourceTree = "<group>"; };
		63A7790A2502A218008260BB /* SceneDelegate.swift */ = {isa = PBXFileReference; lastKnownFileType = sourcecode.swift; path = SceneDelegate.swift; sourceTree = "<group>"; };
		63A7790F2502A218008260BB /* Base */ = {isa = PBXFileReference; lastKnownFileType = file.storyboard; name = Base; path = Base.lproj/Main.storyboard; sourceTree = "<group>"; };
		63A779112502A21A008260BB /* Assets.xcassets */ = {isa = PBXFileReference; lastKnownFileType = folder.assetcatalog; path = Assets.xcassets; sourceTree = "<group>"; };
		63A779142502A21A008260BB /* Base */ = {isa = PBXFileReference; lastKnownFileType = file.storyboard; name = Base; path = Base.lproj/LaunchScreen.storyboard; sourceTree = "<group>"; };
		63A779162502A21A008260BB /* Info.plist */ = {isa = PBXFileReference; lastKnownFileType = text.plist.xml; path = Info.plist; sourceTree = "<group>"; };
		63A779202502A2B7008260BB /* ContainerViewController.swift */ = {isa = PBXFileReference; lastKnownFileType = sourcecode.swift; path = ContainerViewController.swift; sourceTree = "<group>"; };
		63A779222502A2C8008260BB /* HomeViewController.swift */ = {isa = PBXFileReference; lastKnownFileType = sourcecode.swift; path = HomeViewController.swift; sourceTree = "<group>"; };
		63A779242502A2D9008260BB /* MenuViewController.swift */ = {isa = PBXFileReference; lastKnownFileType = sourcecode.swift; path = MenuViewController.swift; sourceTree = "<group>"; };
		63A779262502AD31008260BB /* Protocols.swift */ = {isa = PBXFileReference; lastKnownFileType = sourcecode.swift; path = Protocols.swift; sourceTree = "<group>"; };
		63A779282502B741008260BB /* MenuOptionTableViewCell.swift */ = {isa = PBXFileReference; lastKnownFileType = sourcecode.swift; path = MenuOptionTableViewCell.swift; sourceTree = "<group>"; };
		63A7792A2503B18D008260BB /* SettingsViewController.swift */ = {isa = PBXFileReference; lastKnownFileType = sourcecode.swift; path = SettingsViewController.swift; sourceTree = "<group>"; };
		63A7792C2503B1A4008260BB /* MenuOption.swift */ = {isa = PBXFileReference; lastKnownFileType = sourcecode.swift; path = MenuOption.swift; sourceTree = "<group>"; };
		63A7792E2503D41B008260BB /* ExtentionForUIViewController.swift */ = {isa = PBXFileReference; lastKnownFileType = sourcecode.swift; path = ExtentionForUIViewController.swift; sourceTree = "<group>"; };
/* End PBXFileReference section */

/* Begin PBXFrameworksBuildPhase section */
		63A779022502A217008260BB /* Frameworks */ = {
			isa = PBXFrameworksBuildPhase;
			buildActionMask = 2147483647;
			files = (
			);
			runOnlyForDeploymentPostprocessing = 0;
		};
/* End PBXFrameworksBuildPhase section */

/* Begin PBXGroup section */
		63A778FC2502A217008260BB = {
			isa = PBXGroup;
			children = (
				63A779072502A218008260BB /* SideMenuExample */,
				63A779062502A218008260BB /* Products */,
			);
			sourceTree = "<group>";
		};
		63A779062502A218008260BB /* Products */ = {
			isa = PBXGroup;
			children = (
				63A779052502A218008260BB /* SideMenuExample.app */,
			);
			name = Products;
			sourceTree = "<group>";
		};
		63A779072502A218008260BB /* SideMenuExample */ = {
			isa = PBXGroup;
			children = (
				63A7791F2502A23C008260BB /* Utils */,
				63A7791E2502A238008260BB /* Model */,
				63A7791D2502A235008260BB /* Controller */,
				63A7791C2502A22E008260BB /* View */,
				63A779082502A218008260BB /* AppDelegate.swift */,
				63A7790A2502A218008260BB /* SceneDelegate.swift */,
				63A7790E2502A218008260BB /* Main.storyboard */,
				63A779112502A21A008260BB /* Assets.xcassets */,
				63A779132502A21A008260BB /* LaunchScreen.storyboard */,
				63A779162502A21A008260BB /* Info.plist */,
			);
			path = SideMenuExample;
			sourceTree = "<group>";
		};
		63A7791C2502A22E008260BB /* View */ = {
			isa = PBXGroup;
			children = (
				63A779282502B741008260BB /* MenuOptionTableViewCell.swift */,
			);
			path = View;
			sourceTree = "<group>";
		};
		63A7791D2502A235008260BB /* Controller */ = {
			isa = PBXGroup;
			children = (
				63A779202502A2B7008260BB /* ContainerViewController.swift */,
				63A779222502A2C8008260BB /* HomeViewController.swift */,
				63A779242502A2D9008260BB /* MenuViewController.swift */,
				63A7792A2503B18D008260BB /* SettingsViewController.swift */,
			);
			path = Controller;
			sourceTree = "<group>";
		};
		63A7791E2502A238008260BB /* Model */ = {
			isa = PBXGroup;
			children = (
				63A7792C2503B1A4008260BB /* MenuOption.swift */,
			);
			path = Model;
			sourceTree = "<group>";
		};
		63A7791F2502A23C008260BB /* Utils */ = {
			isa = PBXGroup;
			children = (
				63A779262502AD31008260BB /* Protocols.swift */,
				63A7792E2503D41B008260BB /* ExtentionForUIViewController.swift */,
			);
			path = Utils;
			sourceTree = "<group>";
		};
/* End PBXGroup section */

/* Begin PBXNativeTarget section */
		63A779042502A217008260BB /* SideMenuExample */ = {
			isa = PBXNativeTarget;
			buildConfigurationList = 63A779192502A21A008260BB /* Build configuration list for PBXNativeTarget "SideMenuExample" */;
			buildPhases = (
				63A779012502A217008260BB /* Sources */,
				63A779022502A217008260BB /* Frameworks */,
				63A779032502A217008260BB /* Resources */,
			);
			buildRules = (
			);
			dependencies = (
			);
			name = SideMenuExample;
			productName = SideMenuExample;
			productReference = 63A779052502A218008260BB /* SideMenuExample.app */;
			productType = "com.apple.product-type.application";
		};
/* End PBXNativeTarget section */

/* Begin PBXProject section */
		63A778FD2502A217008260BB /* Project object */ = {
			isa = PBXProject;
			attributes = {
				LastSwiftUpdateCheck = 1160;
				LastUpgradeCheck = 1160;
				ORGANIZATIONNAME = "Alex Sadunenko";
				TargetAttributes = {
					63A779042502A217008260BB = {
						CreatedOnToolsVersion = 11.6;
					};
				};
			};
			buildConfigurationList = 63A779002502A217008260BB /* Build configuration list for PBXProject "SideMenuExample" */;
			compatibilityVersion = "Xcode 9.3";
			developmentRegion = en;
			hasScannedForEncodings = 0;
			knownRegions = (
				en,
				Base,
			);
			mainGroup = 63A778FC2502A217008260BB;
			productRefGroup = 63A779062502A218008260BB /* Products */;
			projectDirPath = "";
			projectRoot = "";
			targets = (
				63A779042502A217008260BB /* SideMenuExample */,
			);
		};
/* End PBXProject section */

/* Begin PBXResourcesBuildPhase section */
		63A779032502A217008260BB /* Resources */ = {
			isa = PBXResourcesBuildPhase;
			buildActionMask = 2147483647;
			files = (
				63A779152502A21A008260BB /* LaunchScreen.storyboard in Resources */,
				63A779122502A21A008260BB /* Assets.xcassets in Resources */,
				63A779102502A218008260BB /* Main.storyboard in Resources */,
			);
			runOnlyForDeploymentPostprocessing = 0;
		};
/* End PBXResourcesBuildPhase section */

/* Begin PBXSourcesBuildPhase section */
		63A779012502A217008260BB /* Sources */ = {
			isa = PBXSourcesBuildPhase;
			buildActionMask = 2147483647;
			files = (
				63A779092502A218008260BB /* AppDelegate.swift in Sources */,
				63A779292502B741008260BB /* MenuOptionTableViewCell.swift in Sources */,
				63A779252502A2D9008260BB /* MenuViewController.swift in Sources */,
				63A779212502A2B7008260BB /* ContainerViewController.swift in Sources */,
				63A7792D2503B1A4008260BB /* MenuOption.swift in Sources */,
				63A779272502AD31008260BB /* Protocols.swift in Sources */,
				63A7790B2502A218008260BB /* SceneDelegate.swift in Sources */,
				63A7792F2503D41B008260BB /* ExtentionForUIViewController.swift in Sources */,
				63A779232502A2C8008260BB /* HomeViewController.swift in Sources */,
				63A7792B2503B18D008260BB /* SettingsViewController.swift in Sources */,
			);
			runOnlyForDeploymentPostprocessing = 0;
		};
/* End PBXSourcesBuildPhase section */

/* Begin PBXVariantGroup section */
		63A7790E2502A218008260BB /* Main.storyboard */ = {
			isa = PBXVariantGroup;
			children = (
				63A7790F2502A218008260BB /* Base */,
			);
			name = Main.storyboard;
			sourceTree = "<group>";
		};
		63A779132502A21A008260BB /* LaunchScreen.storyboard */ = {
			isa = PBXVariantGroup;
			children = (
				63A779142502A21A008260BB /* Base */,
			);
			name = LaunchScreen.storyboard;
			sourceTree = "<group>";
		};
/* End PBXVariantGroup section */

/* Begin XCBuildConfiguration section */
		63A779172502A21A008260BB /* Debug */ = {
			isa = XCBuildConfiguration;
			buildSettings = {
				ALWAYS_SEARCH_USER_PATHS = NO;
				CLANG_ANALYZER_NONNULL = YES;
				CLANG_ANALYZER_NUMBER_OBJECT_CONVERSION = YES_AGGRESSIVE;
				CLANG_CXX_LANGUAGE_STANDARD = "gnu++14";
				CLANG_CXX_LIBRARY = "libc++";
				CLANG_ENABLE_MODULES = YES;
				CLANG_ENABLE_OBJC_ARC = YES;
				CLANG_ENABLE_OBJC_WEAK = YES;
				CLANG_WARN_BLOCK_CAPTURE_AUTORELEASING = YES;
				CLANG_WARN_BOOL_CONVERSION = YES;
				CLANG_WARN_COMMA = YES;
				CLANG_WARN_CONSTANT_CONVERSION = YES;
				CLANG_WARN_DEPRECATED_OBJC_IMPLEMENTATIONS = YES;
				CLANG_WARN_DIRECT_OBJC_ISA_USAGE = YES_ERROR;
				CLANG_WARN_DOCUMENTATION_COMMENTS = YES;
				CLANG_WARN_EMPTY_BODY = YES;
				CLANG_WARN_ENUM_CONVERSION = YES;
				CLANG_WARN_INFINITE_RECURSION = YES;
				CLANG_WARN_INT_CONVERSION = YES;
				CLANG_WARN_NON_LITERAL_NULL_CONVERSION = YES;
				CLANG_WARN_OBJC_IMPLICIT_RETAIN_SELF = YES;
				CLANG_WARN_OBJC_LITERAL_CONVERSION = YES;
				CLANG_WARN_OBJC_ROOT_CLASS = YES_ERROR;
				CLANG_WARN_RANGE_LOOP_ANALYSIS = YES;
				CLANG_WARN_STRICT_PROTOTYPES = YES;
				CLANG_WARN_SUSPICIOUS_MOVE = YES;
				CLANG_WARN_UNGUARDED_AVAILABILITY = YES_AGGRESSIVE;
				CLANG_WARN_UNREACHABLE_CODE = YES;
				CLANG_WARN__DUPLICATE_METHOD_MATCH = YES;
				COPY_PHASE_STRIP = NO;
				DEBUG_INFORMATION_FORMAT = dwarf;
				ENABLE_STRICT_OBJC_MSGSEND = YES;
				ENABLE_TESTABILITY = YES;
				GCC_C_LANGUAGE_STANDARD = gnu11;
				GCC_DYNAMIC_NO_PIC = NO;
				GCC_NO_COMMON_BLOCKS = YES;
				GCC_OPTIMIZATION_LEVEL = 0;
				GCC_PREPROCESSOR_DEFINITIONS = (
					"DEBUG=1",
					"$(inherited)",
				);
				GCC_WARN_64_TO_32_BIT_CONVERSION = YES;
				GCC_WARN_ABOUT_RETURN_TYPE = YES_ERROR;
				GCC_WARN_UNDECLARED_SELECTOR = YES;
				GCC_WARN_UNINITIALIZED_AUTOS = YES_AGGRESSIVE;
				GCC_WARN_UNUSED_FUNCTION = YES;
				GCC_WARN_UNUSED_VARIABLE = YES;
				IPHONEOS_DEPLOYMENT_TARGET = 13.6;
				MTL_ENABLE_DEBUG_INFO = INCLUDE_SOURCE;
				MTL_FAST_MATH = YES;
				ONLY_ACTIVE_ARCH = YES;
				SDKROOT = iphoneos;
				SWIFT_ACTIVE_COMPILATION_CONDITIONS = DEBUG;
				SWIFT_OPTIMIZATION_LEVEL = "-Onone";
			};
			name = Debug;
		};
		63A779182502A21A008260BB /* Release */ = {
			isa = XCBuildConfiguration;
			buildSettings = {
				ALWAYS_SEARCH_USER_PATHS = NO;
				CLANG_ANALYZER_NONNULL = YES;
				CLANG_ANALYZER_NUMBER_OBJECT_CONVERSION = YES_AGGRESSIVE;
				CLANG_CXX_LANGUAGE_STANDARD = "gnu++14";
				CLANG_CXX_LIBRARY = "libc++";
				CLANG_ENABLE_MODULES = YES;
				CLANG_ENABLE_OBJC_ARC = YES;
				CLANG_ENABLE_OBJC_WEAK = YES;
				CLANG_WARN_BLOCK_CAPTURE_AUTORELEASING = YES;
				CLANG_WARN_BOOL_CONVERSION = YES;
				CLANG_WARN_COMMA = YES;
				CLANG_WARN_CONSTANT_CONVERSION = YES;
				CLANG_WARN_DEPRECATED_OBJC_IMPLEMENTATIONS = YES;
				CLANG_WARN_DIRECT_OBJC_ISA_USAGE = YES_ERROR;
				CLANG_WARN_DOCUMENTATION_COMMENTS = YES;
				CLANG_WARN_EMPTY_BODY = YES;
				CLANG_WARN_ENUM_CONVERSION = YES;
				CLANG_WARN_INFINITE_RECURSION = YES;
				CLANG_WARN_INT_CONVERSION = YES;
				CLANG_WARN_NON_LITERAL_NULL_CONVERSION = YES;
				CLANG_WARN_OBJC_IMPLICIT_RETAIN_SELF = YES;
				CLANG_WARN_OBJC_LITERAL_CONVERSION = YES;
				CLANG_WARN_OBJC_ROOT_CLASS = YES_ERROR;
				CLANG_WARN_RANGE_LOOP_ANALYSIS = YES;
				CLANG_WARN_STRICT_PROTOTYPES = YES;
				CLANG_WARN_SUSPICIOUS_MOVE = YES;
				CLANG_WARN_UNGUARDED_AVAILABILITY = YES_AGGRESSIVE;
				CLANG_WARN_UNREACHABLE_CODE = YES;
				CLANG_WARN__DUPLICATE_METHOD_MATCH = YES;
				COPY_PHASE_STRIP = NO;
				DEBUG_INFORMATION_FORMAT = "dwarf-with-dsym";
				ENABLE_NS_ASSERTIONS = NO;
				ENABLE_STRICT_OBJC_MSGSEND = YES;
				GCC_C_LANGUAGE_STANDARD = gnu11;
				GCC_NO_COMMON_BLOCKS = YES;
				GCC_WARN_64_TO_32_BIT_CONVERSION = YES;
				GCC_WARN_ABOUT_RETURN_TYPE = YES_ERROR;
				GCC_WARN_UNDECLARED_SELECTOR = YES;
				GCC_WARN_UNINITIALIZED_AUTOS = YES_AGGRESSIVE;
				GCC_WARN_UNUSED_FUNCTION = YES;
				GCC_WARN_UNUSED_VARIABLE = YES;
				IPHONEOS_DEPLOYMENT_TARGET = 13.6;
				MTL_ENABLE_DEBUG_INFO = NO;
				MTL_FAST_MATH = YES;
				SDKROOT = iphoneos;
				SWIFT_COMPILATION_MODE = wholemodule;
				SWIFT_OPTIMIZATION_LEVEL = "-O";
				VALIDATE_PRODUCT = YES;
			};
			name = Release;
		};
		63A7791A2502A21A008260BB /* Debug */ = {
			isa = XCBuildConfiguration;
			buildSettings = {
				ASSETCATALOG_COMPILER_APPICON_NAME = AppIcon;
				CODE_SIGN_STYLE = Automatic;
				INFOPLIST_FILE = SideMenuExample/Info.plist;
				LD_RUNPATH_SEARCH_PATHS = (
					"$(inherited)",
					"@executable_path/Frameworks",
				);
				PRODUCT_BUNDLE_IDENTIFIER = com.sadunenko.SideMenuExample;
				PRODUCT_NAME = "$(TARGET_NAME)";
				SWIFT_VERSION = 5.0;
				TARGETED_DEVICE_FAMILY = "1,2";
			};
			name = Debug;
		};
		63A7791B2502A21A008260BB /* Release */ = {
			isa = XCBuildConfiguration;
			buildSettings = {
				ASSETCATALOG_COMPILER_APPICON_NAME = AppIcon;
				CODE_SIGN_STYLE = Automatic;
				INFOPLIST_FILE = SideMenuExample/Info.plist;
				LD_RUNPATH_SEARCH_PATHS = (
					"$(inherited)",
					"@executable_path/Frameworks",
				);
				PRODUCT_BUNDLE_IDENTIFIER = com.sadunenko.SideMenuExample;
				PRODUCT_NAME = "$(TARGET_NAME)";
				SWIFT_VERSION = 5.0;
				TARGETED_DEVICE_FAMILY = "1,2";
			};
			name = Release;
		};
/* End XCBuildConfiguration section */

/* Begin XCConfigurationList section */
		63A779002502A217008260BB /* Build configuration list for PBXProject "SideMenuExample" */ = {
			isa = XCConfigurationList;
			buildConfigurations = (
				63A779172502A21A008260BB /* Debug */,
				63A779182502A21A008260BB /* Release */,
			);
			defaultConfigurationIsVisible = 0;
			defaultConfigurationName = Release;
		};
		63A779192502A21A008260BB /* Build configuration list for PBXNativeTarget "SideMenuExample" */ = {
			isa = XCConfigurationList;
			buildConfigurations = (
				63A7791A2502A21A008260BB /* Debug */,
				63A7791B2502A21A008260BB /* Release */,
			);
			defaultConfigurationIsVisible = 0;
			defaultConfigurationName = Release;
		};
/* End XCConfigurationList section */
	};
	rootObject = 63A778FD2502A217008260BB /* Project object */;
}
